# THIS IS AN AUTOGENERATED FILE. DO NOT EDIT THIS FILE DIRECTLY.
# yarn lockfile v1


fast-xml-parser@^3.19.0:
  version "3.19.0"
  resolved "https://registry.yarnpkg.com/fast-xml-parser/-/fast-xml-parser-3.19.0.tgz#cb637ec3f3999f51406dd8ff0e6fc4d83e520d01"
  integrity sha512-4pXwmBplsCPv8FOY1WRakF970TjNGnGnfbOnLqjlYvMiF1SR3yOHyxMR/YCXpPTOspNF5gwudqktIP4VsWkvBg==

is-svg@^4.3.1:
  version "4.3.1"
  resolved "https://registry.yarnpkg.com/is-svg/-/is-svg-4.3.1.tgz#8c63ec8c67c8c7f0a8de0a71c8c7d58eccf4406b"
  integrity sha512-h2CGs+yPUyvkgTJQS9cJzo9lYK06WgRiXUqBBHtglSzVKAuH4/oWsqk7LGfbSa1hGk9QcZ0SyQtVggvBA8LZXA==
  dependencies:
    fast-xml-parser "^3.19.0"
